
Microsoft Visual Studio Solution File, Format Version 12.00
# Visual Studio Version 17
VisualStudioVersion = 17.13.35825.156 d17.13
MinimumVisualStudioVersion = 10.0.40219.1
Project("{C9674DCB-5085-4A16-B785-4C70DD1589BD}") = "Second Try", "Second Try.dtproj", "{3DFA38EE-66C2-3A04-7BC1-49649EC3E0DD}"
EndProject
Global
	GlobalSection(SolutionConfigurationPlatforms) = preSolution
		Development|Default = Development|Default
	EndGlobalSection
	GlobalSection(ProjectConfigurationPlatforms) = postSolution
		{3DFA38EE-66C2-3A04-7BC1-49649EC3E0DD}.Development|Default.ActiveCfg = Development
		{3DFA38EE-66C2-3A04-7BC1-49649EC3E0DD}.Development|Default.Build.0 = Development
	EndGlobalSection
	GlobalSection(SolutionProperties) = preSolution
		HideSolutionNode = FALSE
	EndGlobalSection
	GlobalSection(ExtensibilityGlobals) = postSolution
		SolutionGuid = {A497F603-133B-4B5E-8A88-BBE216F57FCE}
	EndGlobalSection
EndGlobal
